
Microsoft Visual Studio Solution File, Format Version 12.00
# Visual Studio 15
VisualStudioVersion = 15.0.28307.645
MinimumVisualStudioVersion = 10.0.40219.1
Project("{FAE04EC0-301F-11D3-BF4B-00C04F79EFBC}") = "netWpfStudy", "netWpfStudy\netWpfStudy.csproj", "{0898DED6-9B4D-4381-AA97-311FA05EF523}"
EndProject
Global
	GlobalSection(SolutionConfigurationPlatforms) = preSolution
		Debug|Any CPU = Debug|Any CPU
		Release|Any CPU = Release|Any CPU
	EndGlobalSection
	GlobalSection(ProjectConfigurationPlatforms) = postSolution
		{0898DED6-9B4D-4381-AA97-311FA05EF523}.Debug|Any CPU.ActiveCfg = Debug|Any CPU
		{0898DED6-9B4D-4381-AA97-311FA05EF523}.Debug|Any CPU.Build.0 = Debug|Any CPU
		{0898DED6-9B4D-4381-AA97-311FA05EF523}.Release|Any CPU.ActiveCfg = Release|Any CPU
		{0898DED6-9B4D-4381-AA97-311FA05EF523}.Release|Any CPU.Build.0 = Release|Any CPU
	EndGlobalSection
	GlobalSection(SolutionProperties) = preSolution
		HideSolutionNode = FALSE
	EndGlobalSection
	GlobalSection(ExtensibilityGlobals) = postSolution
		SolutionGuid = {5B75EE07-DD59-4F9B-918B-D47674A1240A}
	EndGlobalSection
EndGlobal
